
Microsoft Visual Studio Solution File, Format Version 12.00
# Visual Studio Version 16
VisualStudioVersion = 16.0.30711.63
MinimumVisualStudioVersion = 10.0.40219.1
Project("{FAE04EC0-301F-11D3-BF4B-00C04F79EFBC}") = "Single_Linked_List_Demo", "Single_Linked_List_Demo\Single_Linked_List_Demo.csproj", "{23F58D8C-D56A-447D-BD52-73B11FB43567}"
EndProject
Global
	GlobalSection(SolutionConfigurationPlatforms) = preSolution
		Debug|Any CPU = Debug|Any CPU
		Release|Any CPU = Release|Any CPU
	EndGlobalSection
	GlobalSection(ProjectConfigurationPlatforms) = postSolution
		{23F58D8C-D56A-447D-BD52-73B11FB43567}.Debug|Any CPU.ActiveCfg = Debug|Any CPU
		{23F58D8C-D56A-447D-BD52-73B11FB43567}.Debug|Any CPU.Build.0 = Debug|Any CPU
		{23F58D8C-D56A-447D-BD52-73B11FB43567}.Release|Any CPU.ActiveCfg = Release|Any CPU
		{23F58D8C-D56A-447D-BD52-73B11FB43567}.Release|Any CPU.Build.0 = Release|Any CPU
	EndGlobalSection
	GlobalSection(SolutionProperties) = preSolution
		HideSolutionNode = FALSE
	EndGlobalSection
	GlobalSection(ExtensibilityGlobals) = postSolution
		SolutionGuid = {2167EE17-A13A-45DF-BDCD-F2EF3832D3C0}
	EndGlobalSection
EndGlobal
